
Microsoft Visual Studio Solution File, Format Version 12.00
# Visual Studio 2013
Project("{FAE04EC0-301F-11D3-BF4B-00C04F79EFBC}") = "Loopbook.CSharp.Plugins", "Loopbook.CSharp.Plugins.csproj", "{38925182-ED85-5B8F-9378-2D0193B84ED1}"
EndProject
Project("{FAE04EC0-301F-11D3-BF4B-00C04F79EFBC}") = "Loopbook.CSharp", "Loopbook.CSharp.csproj", "{C94145BC-3A11-C1A5-9E22-2534A6C5D3A6}"
EndProject
Project("{FAE04EC0-301F-11D3-BF4B-00C04F79EFBC}") = "Loopbook.CSharp.Editor.Plugins", "Loopbook.CSharp.Editor.Plugins.csproj", "{E1D3C01E-4FD9-3878-7A19-2DF2738121F0}"
EndProject
Project("{FAE04EC0-301F-11D3-BF4B-00C04F79EFBC}") = "Loopbook.CSharp.Editor", "Loopbook.CSharp.Editor.csproj", "{DB7C3791-E150-0C77-E82E-71FD352827C7}"
EndProject
Global
	GlobalSection(SolutionConfigurationPlatforms) = preSolution
		Debug|Any CPU = Debug|Any CPU
		Release|Any CPU = Release|Any CPU
	EndGlobalSection
	GlobalSection(ProjectConfigurationPlatforms) = postSolution
		{38925182-ED85-5B8F-9378-2D0193B84ED1}.Debug|Any CPU.ActiveCfg = Debug|Any CPU
		{38925182-ED85-5B8F-9378-2D0193B84ED1}.Debug|Any CPU.Build.0 = Debug|Any CPU
		{38925182-ED85-5B8F-9378-2D0193B84ED1}.Release|Any CPU.ActiveCfg = Release|Any CPU
		{38925182-ED85-5B8F-9378-2D0193B84ED1}.Release|Any CPU.Build.0 = Release|Any CPU
		{C94145BC-3A11-C1A5-9E22-2534A6C5D3A6}.Debug|Any CPU.ActiveCfg = Debug|Any CPU
		{C94145BC-3A11-C1A5-9E22-2534A6C5D3A6}.Debug|Any CPU.Build.0 = Debug|Any CPU
		{C94145BC-3A11-C1A5-9E22-2534A6C5D3A6}.Release|Any CPU.ActiveCfg = Release|Any CPU
		{C94145BC-3A11-C1A5-9E22-2534A6C5D3A6}.Release|Any CPU.Build.0 = Release|Any CPU
		{E1D3C01E-4FD9-3878-7A19-2DF2738121F0}.Debug|Any CPU.ActiveCfg = Debug|Any CPU
		{E1D3C01E-4FD9-3878-7A19-2DF2738121F0}.Debug|Any CPU.Build.0 = Debug|Any CPU
		{E1D3C01E-4FD9-3878-7A19-2DF2738121F0}.Release|Any CPU.ActiveCfg = Release|Any CPU
		{E1D3C01E-4FD9-3878-7A19-2DF2738121F0}.Release|Any CPU.Build.0 = Release|Any CPU
		{DB7C3791-E150-0C77-E82E-71FD352827C7}.Debug|Any CPU.ActiveCfg = Debug|Any CPU
		{DB7C3791-E150-0C77-E82E-71FD352827C7}.Debug|Any CPU.Build.0 = Debug|Any CPU
		{DB7C3791-E150-0C77-E82E-71FD352827C7}.Release|Any CPU.ActiveCfg = Release|Any CPU
		{DB7C3791-E150-0C77-E82E-71FD352827C7}.Release|Any CPU.Build.0 = Release|Any CPU
	EndGlobalSection
	GlobalSection(SolutionProperties) = preSolution
		HideSolutionNode = FALSE
	EndGlobalSection
EndGlobal
