Microsoft Visual Studio Solution File, Format Version 11.00
# Visual Studio 2008

Project("{A88CDB5B-6461-B913-8EFA-38634567CD65}") = "Loopbook", "Assembly-CSharp-vs.csproj", "{06400253-A3B8-C4D9-26BD-025FFDEA2064}"
EndProject
Project("{A88CDB5B-6461-B913-8EFA-38634567CD65}") = "Loopbook", "Assembly-CSharp-Editor-vs.csproj", "{89970EF0-7820-A74A-B0CF-DA2C3B0967DE}"
EndProject
Global
	GlobalSection(SolutionConfigurationPlatforms) = preSolution
		Debug|Any CPU = Debug|Any CPU
		Release|Any CPU = Release|Any CPU
	EndGlobalSection
	GlobalSection(ProjectConfigurationPlatforms) = postSolution
		{06400253-A3B8-C4D9-26BD-025FFDEA2064}.Debug|Any CPU.ActiveCfg = Debug|Any CPU
		{06400253-A3B8-C4D9-26BD-025FFDEA2064}.Debug|Any CPU.Build.0 = Debug|Any CPU
		{06400253-A3B8-C4D9-26BD-025FFDEA2064}.Release|Any CPU.ActiveCfg = Release|Any CPU
		{06400253-A3B8-C4D9-26BD-025FFDEA2064}.Release|Any CPU.Build.0 = Release|Any CPU
		{89970EF0-7820-A74A-B0CF-DA2C3B0967DE}.Debug|Any CPU.ActiveCfg = Debug|Any CPU
		{89970EF0-7820-A74A-B0CF-DA2C3B0967DE}.Debug|Any CPU.Build.0 = Debug|Any CPU
		{89970EF0-7820-A74A-B0CF-DA2C3B0967DE}.Release|Any CPU.ActiveCfg = Release|Any CPU
		{89970EF0-7820-A74A-B0CF-DA2C3B0967DE}.Release|Any CPU.Build.0 = Release|Any CPU
	EndGlobalSection
	GlobalSection(SolutionProperties) = preSolution
		HideSolutionNode = FALSE
	EndGlobalSection
																								GlobalSection(MonoDevelopProperties) = preSolution
		StartupItem = Assembly-CSharp.csproj
		Policies = $0
		$0.TextStylePolicy = $1
		$1.inheritsSet = null
		$1.scope = text/x-csharp
		$0.CSharpFormattingPolicy = $2
		$2.inheritsSet = Mono
		$2.inheritsScope = text/x-csharp
		$2.scope = text/x-csharp
		$0.TextStylePolicy = $3
		$3.FileWidth = 120
		$3.TabWidth = 4
		$3.IndentWidth = 4
		$3.EolMarker = Unix
		$3.inheritsSet = Mono
		$3.inheritsScope = text/plain
		$3.scope = text/plain
	EndGlobalSection

EndGlobal
